{
  "name": "GrammarCorrection",
  "lockfileVersion": 3,
  "requires": true,
  "packages": {
    "": {
      "dependencies": {
        "@grammarly/editor-sdk": "^2.5.5"
      }
    },
    "node_modules/@grammarly/editor-sdk": {
      "version": "2.5.5",
      "resolved": "https://registry.npmjs.org/@grammarly/editor-sdk/-/editor-sdk-2.5.5.tgz",
      "integrity": "sha512-sJIS5Iz+hV7m3DoscjT52K6iG7a4Ll8Mo/9S6SSXz0Yk7mp8QlAsS24hKMvsvdzkfwOP2K2VwHu5RwgaN6LXCw=="
    }
  }
}
